
Microsoft Visual Studio Solution File, Format Version 12.00
# Visual Studio Version 17
VisualStudioVersion = 17.5.33414.496
MinimumVisualStudioVersion = 10.0.40219.1
Project("{FAE04EC0-301F-11D3-BF4B-00C04F79EFBC}") = "ConsoleApp1", "ConsoleApp1\ConsoleApp1.csproj", "{7C715C14-C243-4B5C-91B4-81DB3968C740}"
EndProject
Project("{FAE04EC0-301F-11D3-BF4B-00C04F79EFBC}") = "WindowsFormsApp1", "WindowsFormsApp1\WindowsFormsApp1.csproj", "{5DBFDA91-6477-4203-B204-EDB961037AB2}"
EndProject
Global
	GlobalSection(SolutionConfigurationPlatforms) = preSolution
		Debug|Any CPU = Debug|Any CPU
		Release|Any CPU = Release|Any CPU
	EndGlobalSection
	GlobalSection(ProjectConfigurationPlatforms) = postSolution
		{7C715C14-C243-4B5C-91B4-81DB3968C740}.Debug|Any CPU.ActiveCfg = Debug|Any CPU
		{7C715C14-C243-4B5C-91B4-81DB3968C740}.Debug|Any CPU.Build.0 = Debug|Any CPU
		{7C715C14-C243-4B5C-91B4-81DB3968C740}.Release|Any CPU.ActiveCfg = Release|Any CPU
		{7C715C14-C243-4B5C-91B4-81DB3968C740}.Release|Any CPU.Build.0 = Release|Any CPU
		{5DBFDA91-6477-4203-B204-EDB961037AB2}.Debug|Any CPU.ActiveCfg = Debug|Any CPU
		{5DBFDA91-6477-4203-B204-EDB961037AB2}.Debug|Any CPU.Build.0 = Debug|Any CPU
		{5DBFDA91-6477-4203-B204-EDB961037AB2}.Release|Any CPU.ActiveCfg = Release|Any CPU
		{5DBFDA91-6477-4203-B204-EDB961037AB2}.Release|Any CPU.Build.0 = Release|Any CPU
	EndGlobalSection
	GlobalSection(SolutionProperties) = preSolution
		HideSolutionNode = FALSE
	EndGlobalSection
	GlobalSection(ExtensibilityGlobals) = postSolution
		SolutionGuid = {EC88BADE-1030-4CE6-8706-F8B81C99EDC3}
	EndGlobalSection
EndGlobal
